
Microsoft Visual Studio Solution File, Format Version 12.00
# Visual Studio Version 17
VisualStudioVersion = 17.8.34309.116
MinimumVisualStudioVersion = 10.0.40219.1
Project("{9A19103F-16F7-4668-BE54-9A1E7A4F7556}") = "MagicVilla_VillaAPI", "MagicVilla_VillaAPI\MagicVilla_VillaAPI.csproj", "{5E64083B-BDD1-4CEB-B604-8D8C7C79E2B6}"
EndProject
Project("{FAE04EC0-301F-11D3-BF4B-00C04F79EFBC}") = "MagicVilla_Web", "MagicVilla_Web\MagicVilla_Web.csproj", "{CD0B5B71-C03E-4348-8972-E15C622C38D2}"
EndProject
Project("{FAE04EC0-301F-11D3-BF4B-00C04F79EFBC}") = "MagicVilla_utility", "MagicVilla_utility\MagicVilla_utility.csproj", "{9A1374CB-26C6-46AF-8003-26C45A367D52}"
EndProject
Global
	GlobalSection(SolutionConfigurationPlatforms) = preSolution
		Debug|Any CPU = Debug|Any CPU
		Release|Any CPU = Release|Any CPU
	EndGlobalSection
	GlobalSection(ProjectConfigurationPlatforms) = postSolution
		{5E64083B-BDD1-4CEB-B604-8D8C7C79E2B6}.Debug|Any CPU.ActiveCfg = Debug|Any CPU
		{5E64083B-BDD1-4CEB-B604-8D8C7C79E2B6}.Debug|Any CPU.Build.0 = Debug|Any CPU
		{5E64083B-BDD1-4CEB-B604-8D8C7C79E2B6}.Release|Any CPU.ActiveCfg = Release|Any CPU
		{5E64083B-BDD1-4CEB-B604-8D8C7C79E2B6}.Release|Any CPU.Build.0 = Release|Any CPU
		{CD0B5B71-C03E-4348-8972-E15C622C38D2}.Debug|Any CPU.ActiveCfg = Debug|Any CPU
		{CD0B5B71-C03E-4348-8972-E15C622C38D2}.Debug|Any CPU.Build.0 = Debug|Any CPU
		{CD0B5B71-C03E-4348-8972-E15C622C38D2}.Release|Any CPU.ActiveCfg = Release|Any CPU
		{CD0B5B71-C03E-4348-8972-E15C622C38D2}.Release|Any CPU.Build.0 = Release|Any CPU
		{9A1374CB-26C6-46AF-8003-26C45A367D52}.Debug|Any CPU.ActiveCfg = Debug|Any CPU
		{9A1374CB-26C6-46AF-8003-26C45A367D52}.Debug|Any CPU.Build.0 = Debug|Any CPU
		{9A1374CB-26C6-46AF-8003-26C45A367D52}.Release|Any CPU.ActiveCfg = Release|Any CPU
		{9A1374CB-26C6-46AF-8003-26C45A367D52}.Release|Any CPU.Build.0 = Release|Any CPU
	EndGlobalSection
	GlobalSection(SolutionProperties) = preSolution
		HideSolutionNode = FALSE
	EndGlobalSection
	GlobalSection(ExtensibilityGlobals) = postSolution
		SolutionGuid = {BD6F871F-BDEB-4B7D-8D9C-5EAD075AD2DD}
	EndGlobalSection
EndGlobal
